
Microsoft Visual Studio Solution File, Format Version 12.00
# Visual Studio Version 17
VisualStudioVersion = 17.10.35013.160
MinimumVisualStudioVersion = 10.0.40219.1
Project("{2150E333-8FDC-42A3-9474-1A3956D46DE8}") = "ProductService", "ProductService", "{6E6DC671-9A82-47BE-9441-225A27009B2C}"
EndProject
Project("{2150E333-8FDC-42A3-9474-1A3956D46DE8}") = "UserService", "UserService", "{80FF3801-8D3A-4E9F-B410-C43360CFAD98}"
EndProject
Project("{2150E333-8FDC-42A3-9474-1A3956D46DE8}") = "CartService", "CartService", "{0CCC5F6D-5670-4D0C-AF7A-CF451231AD56}"
EndProject
Project("{2150E333-8FDC-42A3-9474-1A3956D46DE8}") = "OrderService", "OrderService", "{8FA90B4B-88E6-43D3-9796-323B5691DD71}"
EndProject
Project("{2150E333-8FDC-42A3-9474-1A3956D46DE8}") = "PaymentService", "PaymentService", "{4ECED907-C1A4-4C95-8DF9-F479AA0AC83C}"
EndProject
Project("{FAE04EC0-301F-11D3-BF4B-00C04F79EFBC}") = "ProductService.API", "ProductService.API\ProductService.API.csproj", "{02207F1B-F228-48C2-9F4F-503E1C2240D6}"
EndProject
Project("{FAE04EC0-301F-11D3-BF4B-00C04F79EFBC}") = "ProductService.Repository", "ProductService.Repository\ProductService.Repository.csproj", "{818E5786-2545-448A-82C7-3FD9A1604A6A}"
EndProject
Project("{FAE04EC0-301F-11D3-BF4B-00C04F79EFBC}") = "ProductService.Service", "ProductService.Service\ProductService.Service.csproj", "{3900B6CE-D239-4819-9E63-E557370992F7}"
EndProject
Project("{FAE04EC0-301F-11D3-BF4B-00C04F79EFBC}") = "UserService.API", "UserService.API\UserService.API.csproj", "{B2EFCF1B-A3CE-43B4-8613-078D0850E26F}"
EndProject
Project("{FAE04EC0-301F-11D3-BF4B-00C04F79EFBC}") = "CartService.API", "CartService.API\CartService.API.csproj", "{F08F6150-2C37-4CB0-BEFD-CECFF90EA192}"
EndProject
Project("{FAE04EC0-301F-11D3-BF4B-00C04F79EFBC}") = "CartService.Repository", "CartService.Repository\CartService.Repository.csproj", "{8A15B7C1-D56C-443E-BEE8-A36495427715}"
EndProject
Project("{FAE04EC0-301F-11D3-BF4B-00C04F79EFBC}") = "CartService.Service", "CartService.Service\CartService.Service.csproj", "{6D12CB31-A324-4EEF-9BB4-574BDD99EF99}"
EndProject
Project("{FAE04EC0-301F-11D3-BF4B-00C04F79EFBC}") = "OrderService.API", "OrderService.API\OrderService.API.csproj", "{D6B5173F-CB19-4CDB-B032-DF17DF99F6A3}"
EndProject
Project("{FAE04EC0-301F-11D3-BF4B-00C04F79EFBC}") = "OrderService.Service", "OrderService.Service\OrderService.Service.csproj", "{422F2AF5-3DFE-4970-943E-AF9621D84A02}"
EndProject
Project("{FAE04EC0-301F-11D3-BF4B-00C04F79EFBC}") = "OrderService.Repository", "OrderService.Repository\OrderService.Repository.csproj", "{B8E5612C-FEF7-459C-A987-C1B66D45DA38}"
EndProject
Project("{FAE04EC0-301F-11D3-BF4B-00C04F79EFBC}") = "PaymentService.API", "PaymentService.API\PaymentService.API.csproj", "{8F2013D4-AD99-4ECD-830B-0529B4C3E3E5}"
EndProject
Project("{FAE04EC0-301F-11D3-BF4B-00C04F79EFBC}") = "PaymentService.Repository", "PaymentService.Repository\PaymentService.Repository.csproj", "{7641AA06-62CC-4F00-9D47-DCA5D19AC80E}"
EndProject
Project("{FAE04EC0-301F-11D3-BF4B-00C04F79EFBC}") = "PaymentService.Service", "PaymentService.Service\PaymentService.Service.csproj", "{654EA63C-3642-4882-AA00-DC9080C8DB9A}"
EndProject
Project("{FAE04EC0-301F-11D3-BF4B-00C04F79EFBC}") = "UserService.Service", "UserService.Service\UserService.Service.csproj", "{2EC68EFD-0DF6-400B-B8D0-EC7B30B680B9}"
EndProject
Project("{FAE04EC0-301F-11D3-BF4B-00C04F79EFBC}") = "UserService.Repository", "UserService.Repository\UserService.Repository.csproj", "{78C9216E-D29E-409C-91E9-62287D166F4F}"
EndProject
Project("{FAE04EC0-301F-11D3-BF4B-00C04F79EFBC}") = "SharedProtos", "SharedProtos\SharedProtos.csproj", "{6D382749-469A-40F5-BC6F-D93322750B58}"
EndProject
Global
	GlobalSection(SolutionConfigurationPlatforms) = preSolution
		Debug|Any CPU = Debug|Any CPU
		Release|Any CPU = Release|Any CPU
	EndGlobalSection
	GlobalSection(ProjectConfigurationPlatforms) = postSolution
		{02207F1B-F228-48C2-9F4F-503E1C2240D6}.Debug|Any CPU.ActiveCfg = Debug|Any CPU
		{02207F1B-F228-48C2-9F4F-503E1C2240D6}.Debug|Any CPU.Build.0 = Debug|Any CPU
		{02207F1B-F228-48C2-9F4F-503E1C2240D6}.Release|Any CPU.ActiveCfg = Release|Any CPU
		{02207F1B-F228-48C2-9F4F-503E1C2240D6}.Release|Any CPU.Build.0 = Release|Any CPU
		{818E5786-2545-448A-82C7-3FD9A1604A6A}.Debug|Any CPU.ActiveCfg = Debug|Any CPU
		{818E5786-2545-448A-82C7-3FD9A1604A6A}.Debug|Any CPU.Build.0 = Debug|Any CPU
		{818E5786-2545-448A-82C7-3FD9A1604A6A}.Release|Any CPU.ActiveCfg = Release|Any CPU
		{818E5786-2545-448A-82C7-3FD9A1604A6A}.Release|Any CPU.Build.0 = Release|Any CPU
		{3900B6CE-D239-4819-9E63-E557370992F7}.Debug|Any CPU.ActiveCfg = Debug|Any CPU
		{3900B6CE-D239-4819-9E63-E557370992F7}.Debug|Any CPU.Build.0 = Debug|Any CPU
		{3900B6CE-D239-4819-9E63-E557370992F7}.Release|Any CPU.ActiveCfg = Release|Any CPU
		{3900B6CE-D239-4819-9E63-E557370992F7}.Release|Any CPU.Build.0 = Release|Any CPU
		{B2EFCF1B-A3CE-43B4-8613-078D0850E26F}.Debug|Any CPU.ActiveCfg = Debug|Any CPU
		{B2EFCF1B-A3CE-43B4-8613-078D0850E26F}.Debug|Any CPU.Build.0 = Debug|Any CPU
		{B2EFCF1B-A3CE-43B4-8613-078D0850E26F}.Release|Any CPU.ActiveCfg = Release|Any CPU
		{B2EFCF1B-A3CE-43B4-8613-078D0850E26F}.Release|Any CPU.Build.0 = Release|Any CPU
		{F08F6150-2C37-4CB0-BEFD-CECFF90EA192}.Debug|Any CPU.ActiveCfg = Debug|Any CPU
		{F08F6150-2C37-4CB0-BEFD-CECFF90EA192}.Debug|Any CPU.Build.0 = Debug|Any CPU
		{F08F6150-2C37-4CB0-BEFD-CECFF90EA192}.Release|Any CPU.ActiveCfg = Release|Any CPU
		{F08F6150-2C37-4CB0-BEFD-CECFF90EA192}.Release|Any CPU.Build.0 = Release|Any CPU
		{8A15B7C1-D56C-443E-BEE8-A36495427715}.Debug|Any CPU.ActiveCfg = Debug|Any CPU
		{8A15B7C1-D56C-443E-BEE8-A36495427715}.Debug|Any CPU.Build.0 = Debug|Any CPU
		{8A15B7C1-D56C-443E-BEE8-A36495427715}.Release|Any CPU.ActiveCfg = Release|Any CPU
		{8A15B7C1-D56C-443E-BEE8-A36495427715}.Release|Any CPU.Build.0 = Release|Any CPU
		{6D12CB31-A324-4EEF-9BB4-574BDD99EF99}.Debug|Any CPU.ActiveCfg = Debug|Any CPU
		{6D12CB31-A324-4EEF-9BB4-574BDD99EF99}.Debug|Any CPU.Build.0 = Debug|Any CPU
		{6D12CB31-A324-4EEF-9BB4-574BDD99EF99}.Release|Any CPU.ActiveCfg = Release|Any CPU
		{6D12CB31-A324-4EEF-9BB4-574BDD99EF99}.Release|Any CPU.Build.0 = Release|Any CPU
		{D6B5173F-CB19-4CDB-B032-DF17DF99F6A3}.Debug|Any CPU.ActiveCfg = Debug|Any CPU
		{D6B5173F-CB19-4CDB-B032-DF17DF99F6A3}.Debug|Any CPU.Build.0 = Debug|Any CPU
		{D6B5173F-CB19-4CDB-B032-DF17DF99F6A3}.Release|Any CPU.ActiveCfg = Release|Any CPU
		{D6B5173F-CB19-4CDB-B032-DF17DF99F6A3}.Release|Any CPU.Build.0 = Release|Any CPU
		{422F2AF5-3DFE-4970-943E-AF9621D84A02}.Debug|Any CPU.ActiveCfg = Debug|Any CPU
		{422F2AF5-3DFE-4970-943E-AF9621D84A02}.Debug|Any CPU.Build.0 = Debug|Any CPU
		{422F2AF5-3DFE-4970-943E-AF9621D84A02}.Release|Any CPU.ActiveCfg = Release|Any CPU
		{422F2AF5-3DFE-4970-943E-AF9621D84A02}.Release|Any CPU.Build.0 = Release|Any CPU
		{B8E5612C-FEF7-459C-A987-C1B66D45DA38}.Debug|Any CPU.ActiveCfg = Debug|Any CPU
		{B8E5612C-FEF7-459C-A987-C1B66D45DA38}.Debug|Any CPU.Build.0 = Debug|Any CPU
		{B8E5612C-FEF7-459C-A987-C1B66D45DA38}.Release|Any CPU.ActiveCfg = Release|Any CPU
		{B8E5612C-FEF7-459C-A987-C1B66D45DA38}.Release|Any CPU.Build.0 = Release|Any CPU
		{8F2013D4-AD99-4ECD-830B-0529B4C3E3E5}.Debug|Any CPU.ActiveCfg = Debug|Any CPU
		{8F2013D4-AD99-4ECD-830B-0529B4C3E3E5}.Debug|Any CPU.Build.0 = Debug|Any CPU
		{8F2013D4-AD99-4ECD-830B-0529B4C3E3E5}.Release|Any CPU.ActiveCfg = Release|Any CPU
		{8F2013D4-AD99-4ECD-830B-0529B4C3E3E5}.Release|Any CPU.Build.0 = Release|Any CPU
		{7641AA06-62CC-4F00-9D47-DCA5D19AC80E}.Debug|Any CPU.ActiveCfg = Debug|Any CPU
		{7641AA06-62CC-4F00-9D47-DCA5D19AC80E}.Debug|Any CPU.Build.0 = Debug|Any CPU
		{7641AA06-62CC-4F00-9D47-DCA5D19AC80E}.Release|Any CPU.ActiveCfg = Release|Any CPU
		{7641AA06-62CC-4F00-9D47-DCA5D19AC80E}.Release|Any CPU.Build.0 = Release|Any CPU
		{654EA63C-3642-4882-AA00-DC9080C8DB9A}.Debug|Any CPU.ActiveCfg = Debug|Any CPU
		{654EA63C-3642-4882-AA00-DC9080C8DB9A}.Debug|Any CPU.Build.0 = Debug|Any CPU
		{654EA63C-3642-4882-AA00-DC9080C8DB9A}.Release|Any CPU.ActiveCfg = Release|Any CPU
		{654EA63C-3642-4882-AA00-DC9080C8DB9A}.Release|Any CPU.Build.0 = Release|Any CPU
		{2EC68EFD-0DF6-400B-B8D0-EC7B30B680B9}.Debug|Any CPU.ActiveCfg = Debug|Any CPU
		{2EC68EFD-0DF6-400B-B8D0-EC7B30B680B9}.Debug|Any CPU.Build.0 = Debug|Any CPU
		{2EC68EFD-0DF6-400B-B8D0-EC7B30B680B9}.Release|Any CPU.ActiveCfg = Release|Any CPU
		{2EC68EFD-0DF6-400B-B8D0-EC7B30B680B9}.Release|Any CPU.Build.0 = Release|Any CPU
		{78C9216E-D29E-409C-91E9-62287D166F4F}.Debug|Any CPU.ActiveCfg = Debug|Any CPU
		{78C9216E-D29E-409C-91E9-62287D166F4F}.Debug|Any CPU.Build.0 = Debug|Any CPU
		{78C9216E-D29E-409C-91E9-62287D166F4F}.Release|Any CPU.ActiveCfg = Release|Any CPU
		{78C9216E-D29E-409C-91E9-62287D166F4F}.Release|Any CPU.Build.0 = Release|Any CPU
		{6D382749-469A-40F5-BC6F-D93322750B58}.Debug|Any CPU.ActiveCfg = Debug|Any CPU
		{6D382749-469A-40F5-BC6F-D93322750B58}.Debug|Any CPU.Build.0 = Debug|Any CPU
		{6D382749-469A-40F5-BC6F-D93322750B58}.Release|Any CPU.ActiveCfg = Release|Any CPU
		{6D382749-469A-40F5-BC6F-D93322750B58}.Release|Any CPU.Build.0 = Release|Any CPU
	EndGlobalSection
	GlobalSection(SolutionProperties) = preSolution
		HideSolutionNode = FALSE
	EndGlobalSection
	GlobalSection(NestedProjects) = preSolution
		{02207F1B-F228-48C2-9F4F-503E1C2240D6} = {6E6DC671-9A82-47BE-9441-225A27009B2C}
		{818E5786-2545-448A-82C7-3FD9A1604A6A} = {6E6DC671-9A82-47BE-9441-225A27009B2C}
		{3900B6CE-D239-4819-9E63-E557370992F7} = {6E6DC671-9A82-47BE-9441-225A27009B2C}
		{B2EFCF1B-A3CE-43B4-8613-078D0850E26F} = {80FF3801-8D3A-4E9F-B410-C43360CFAD98}
		{F08F6150-2C37-4CB0-BEFD-CECFF90EA192} = {0CCC5F6D-5670-4D0C-AF7A-CF451231AD56}
		{8A15B7C1-D56C-443E-BEE8-A36495427715} = {0CCC5F6D-5670-4D0C-AF7A-CF451231AD56}
		{6D12CB31-A324-4EEF-9BB4-574BDD99EF99} = {0CCC5F6D-5670-4D0C-AF7A-CF451231AD56}
		{D6B5173F-CB19-4CDB-B032-DF17DF99F6A3} = {8FA90B4B-88E6-43D3-9796-323B5691DD71}
		{422F2AF5-3DFE-4970-943E-AF9621D84A02} = {8FA90B4B-88E6-43D3-9796-323B5691DD71}
		{B8E5612C-FEF7-459C-A987-C1B66D45DA38} = {8FA90B4B-88E6-43D3-9796-323B5691DD71}
		{8F2013D4-AD99-4ECD-830B-0529B4C3E3E5} = {4ECED907-C1A4-4C95-8DF9-F479AA0AC83C}
		{7641AA06-62CC-4F00-9D47-DCA5D19AC80E} = {4ECED907-C1A4-4C95-8DF9-F479AA0AC83C}
		{654EA63C-3642-4882-AA00-DC9080C8DB9A} = {4ECED907-C1A4-4C95-8DF9-F479AA0AC83C}
		{2EC68EFD-0DF6-400B-B8D0-EC7B30B680B9} = {80FF3801-8D3A-4E9F-B410-C43360CFAD98}
		{78C9216E-D29E-409C-91E9-62287D166F4F} = {80FF3801-8D3A-4E9F-B410-C43360CFAD98}
	EndGlobalSection
	GlobalSection(ExtensibilityGlobals) = postSolution
		SolutionGuid = {3CD74190-2A2C-4BF4-A27C-5E1C8D13554F}
	EndGlobalSection
EndGlobal
